// !$*UTF8*$!
{
	archiveVersion = 1;
	classes = {
	};
	objectVersion = 77;
	objects = {

/* Begin PBXBuildFile section */
		800E296C3B244024BC6B9CF0 /* DevotionLockWidgets.appex in CopyFiles */ = {isa = PBXBuildFile; fileRef = FE4AB8E6E6BD44EEB6425A9E /* DevotionLockWidgets.appex */; settings = {ATTRIBUTES = (RemoveHeadersOnCopy, ); }; };
		E09B2DD12FD4CCEB000F990C /* InAppKit in Frameworks */ = {isa = PBXBuildFile; productRef = E0PKG0022FD49F0500A8DA8D /* InAppKit */; };
		E0NOT0032FD49F0500A8DA8D /* Notelet in Frameworks */ = {isa = PBXBuildFile; productRef = E0NOT0022FD49F0500A8DA8D /* Notelet */; };
		E0SUP0032FD49F0500A8DA8D /* Supabase in Frameworks */ = {isa = PBXBuildFile; productRef = E0SUP0022FD49F0500A8DA8D /* Supabase */; };
/* End PBXBuildFile section */

/* Begin PBXContainerItemProxy section */
		CD54A653DF494D608C864D00 /* PBXContainerItemProxy */ = {
			isa = PBXContainerItemProxy;
			containerPortal = E0FBC1F42FD49F0400A8DA8D /* Project object */;
			proxyType = 1;
			remoteGlobalIDString = 8770C978627D4FD8A84F9A0E;
			remoteInfo = DevotionLockWidgets;
		};
/* End PBXContainerItemProxy section */

/* Begin PBXCopyFilesBuildPhase section */
		DF9125CCB8174951BE9D66EF /* CopyFiles */ = {
			isa = PBXCopyFilesBuildPhase;
			buildActionMask = 2147483647;
			dstPath = "";
			dstSubfolderSpec = 13;
			files = (
				800E296C3B244024BC6B9CF0 /* DevotionLockWidgets.appex in CopyFiles */,
			);
			runOnlyForDeploymentPostprocessing = 0;
		};
/* End PBXCopyFilesBuildPhase section */

/* Begin PBXFileReference section */
		E0FBC1FC2FD49F0500A8DA8D /* DevotionLock.app */ = {isa = PBXFileReference; explicitFileType = wrapper.application; includeInIndex = 0; path = DevotionLock.app; sourceTree = BUILT_PRODUCTS_DIR; };
		FE4AB8E6E6BD44EEB6425A9E /* DevotionLockWidgets.appex */ = {isa = PBXFileReference; explicitFileType = "wrapper.app-extension"; includeInIndex = 0; path = DevotionLockWidgets.appex; sourceTree = BUILT_PRODUCTS_DIR; };
/* End PBXFileReference section */

/* Begin PBXFileSystemSynchronizedRootGroup section */
		80C1C1C595174A77BE97FCA8 /* DevotionLockWidgets */ = {
			isa = PBXFileSystemSynchronizedRootGroup;
			path = DevotionLockWidgets;
			sourceTree = "<group>";
		};
		9FE3DAC11F0245818E805765 /* DevotionLockShared */ = {
			isa = PBXFileSystemSynchronizedRootGroup;
			path = DevotionLockShared;
			sourceTree = "<group>";
		};
		E0FBC1FE2FD49F0500A8DA8D /* DevotionLock */ = {
			isa = PBXFileSystemSynchronizedRootGroup;
			path = DevotionLock;
			sourceTree = "<group>";
		};
/* End PBXFileSystemSynchronizedRootGroup section */

/* Begin PBXFrameworksBuildPhase section */
		A10989E685CC48BA8D64383B /* Frameworks */ = {
			isa = PBXFrameworksBuildPhase;
			buildActionMask = 2147483647;
			files = (
			);
			runOnlyForDeploymentPostprocessing = 0;
		};
		E0FBC1F92FD49F0500A8DA8D /* Frameworks */ = {
			isa = PBXFrameworksBuildPhase;
			buildActionMask = 2147483647;
			files = (
				E09B2DD12FD4CCEB000F990C /* InAppKit in Frameworks */,
				E0NOT0032FD49F0500A8DA8D /* Notelet in Frameworks */,
				E0SUP0032FD49F0500A8DA8D /* Supabase in Frameworks */,
			);
			runOnlyForDeploymentPostprocessing = 0;
		};
/* End PBXFrameworksBuildPhase section */

/* Begin PBXGroup section */
		E0FBC1F32FD49F0400A8DA8D = {
			isa = PBXGroup;
			children = (
				E0FBC1FE2FD49F0500A8DA8D /* DevotionLock */,
				9FE3DAC11F0245818E805765 /* DevotionLockShared */,
				80C1C1C595174A77BE97FCA8 /* DevotionLockWidgets */,
				E0FBC1FD2FD49F0500A8DA8D /* Products */,
			);
			sourceTree = "<group>";
		};
		E0FBC1FD2FD49F0500A8DA8D /* Products */ = {
			isa = PBXGroup;
			children = (
				E0FBC1FC2FD49F0500A8DA8D /* DevotionLock.app */,
				FE4AB8E6E6BD44EEB6425A9E /* DevotionLockWidgets.appex */,
			);
			name = Products;
			sourceTree = "<group>";
		};
/* End PBXGroup section */

/* Begin PBXNativeTarget section */
		8770C978627D4FD8A84F9A0E /* DevotionLockWidgets */ = {
			isa = PBXNativeTarget;
			buildConfigurationList = C69B50CA0BB0428D8D770652 /* Build configuration list for PBXNativeTarget "DevotionLockWidgets" */;
			buildPhases = (
				DC6F5F7434E44EFB84B92E77 /* Sources */,
				A10989E685CC48BA8D64383B /* Frameworks */,
				52F9DF2A4C7C4C76859CEAE8 /* Resources */,
			);
			buildRules = (
			);
			dependencies = (
			);
			fileSystemSynchronizedGroups = (
				80C1C1C595174A77BE97FCA8 /* DevotionLockWidgets */,
				9FE3DAC11F0245818E805765 /* DevotionLockShared */,
			);
			name = DevotionLockWidgets;
			productName = DevotionLockWidgets;
			productReference = FE4AB8E6E6BD44EEB6425A9E /* DevotionLockWidgets.appex */;
			productType = "com.apple.product-type.app-extension";
		};
		E0FBC1FB2FD49F0500A8DA8D /* DevotionLock */ = {
			isa = PBXNativeTarget;
			buildConfigurationList = E0FBC2072FD49F0600A8DA8D /* Build configuration list for PBXNativeTarget "DevotionLock" */;
			buildPhases = (
				E0FBC1F82FD49F0500A8DA8D /* Sources */,
				E0FBC1F92FD49F0500A8DA8D /* Frameworks */,
				E0FBC1FA2FD49F0500A8DA8D /* Resources */,
				DF9125CCB8174951BE9D66EF /* CopyFiles */,
			);
			buildRules = (
			);
			dependencies = (
				B0A7B83EDBBA4DE09EF1781F /* PBXTargetDependency */,
			);
			fileSystemSynchronizedGroups = (
				9FE3DAC11F0245818E805765 /* DevotionLockShared */,
				E0FBC1FE2FD49F0500A8DA8D /* DevotionLock */,
			);
			name = DevotionLock;
			packageProductDependencies = (
				E0PKG0022FD49F0500A8DA8D /* InAppKit */,
				E0NOT0022FD49F0500A8DA8D /* Notelet */,
				E0SUP0022FD49F0500A8DA8D /* Supabase */,
			);
			productName = DevotionLock;
			productReference = E0FBC1FC2FD49F0500A8DA8D /* DevotionLock.app */;
			productType = "com.apple.product-type.application";
		};
/* End PBXNativeTarget section */

/* Begin PBXProject section */
		E0FBC1F42FD49F0400A8DA8D /* Project object */ = {
			isa = PBXProject;
			attributes = {
				BuildIndependentTargetsInParallel = 1;
				LastSwiftUpdateCheck = 2630;
				LastUpgradeCheck = 2630;
				TargetAttributes = {
					E0FBC1FB2FD49F0500A8DA8D = {
						CreatedOnToolsVersion = 26.3;
					};
				};
			};
			buildConfigurationList = E0FBC1F72FD49F0400A8DA8D /* Build configuration list for PBXProject "devotionlock-mobile" */;
			developmentRegion = en;
			hasScannedForEncodings = 0;
			knownRegions = (
				en,
				Base,
			);
			mainGroup = E0FBC1F32FD49F0400A8DA8D;
			minimizedProjectReferenceProxies = 1;
			packageReferences = (
				E0PKG0012FD49F0500A8DA8D /* XCRemoteSwiftPackageReference "InAppKit" */,
				E0NOT0012FD49F0500A8DA8D /* XCLocalSwiftPackageReference "Vendor/Notelet" */,
				E0SUP0012FD49F0500A8DA8D /* XCRemoteSwiftPackageReference "supabase-swift" */,
			);
			preferredProjectObjectVersion = 77;
			productRefGroup = E0FBC1FD2FD49F0500A8DA8D /* Products */;
			projectDirPath = "";
			projectRoot = "";
			targets = (
				E0FBC1FB2FD49F0500A8DA8D /* DevotionLock */,
				8770C978627D4FD8A84F9A0E /* DevotionLockWidgets */,
			);
		};
/* End PBXProject section */

/* Begin PBXResourcesBuildPhase section */
		52F9DF2A4C7C4C76859CEAE8 /* Resources */ = {
			isa = PBXResourcesBuildPhase;
			buildActionMask = 2147483647;
			files = (
			);
			runOnlyForDeploymentPostprocessing = 0;
		};
		E0FBC1FA2FD49F0500A8DA8D /* Resources */ = {
			isa = PBXResourcesBuildPhase;
			buildActionMask = 2147483647;
			files = (
			);
			runOnlyForDeploymentPostprocessing = 0;
		};
/* End PBXResourcesBuildPhase section */

/* Begin PBXSourcesBuildPhase section */
		DC6F5F7434E44EFB84B92E77 /* Sources */ = {
			isa = PBXSourcesBuildPhase;
			buildActionMask = 2147483647;
			files = (
			);
			runOnlyForDeploymentPostprocessing = 0;
		};
		E0FBC1F82FD49F0500A8DA8D /* Sources */ = {
			isa = PBXSourcesBuildPhase;
			buildActionMask = 2147483647;
			files = (
			);
			runOnlyForDeploymentPostprocessing = 0;
		};
/* End PBXSourcesBuildPhase section */

/* Begin PBXTargetDependency section */
		B0A7B83EDBBA4DE09EF1781F /* PBXTargetDependency */ = {
			isa = PBXTargetDependency;
			target = 8770C978627D4FD8A84F9A0E /* DevotionLockWidgets */;
			targetProxy = CD54A653DF494D608C864D00 /* PBXContainerItemProxy */;
		};
/* End PBXTargetDependency section */

/* Begin XCBuildConfiguration section */
		05D2DBC37A9F47F19361F01C /* Debug */ = {
			isa = XCBuildConfiguration;
			buildSettings = {
				CODE_SIGN_ENTITLEMENTS = DevotionLockWidgets/DevotionLockWidgets.entitlements;
				CODE_SIGN_STYLE = Automatic;
				CURRENT_PROJECT_VERSION = 3;
				DEVELOPMENT_TEAM = L4SCYKMRN5;
				GENERATE_INFOPLIST_FILE = NO;
				INFOPLIST_FILE = "DevotionLockWidgetsExtension-Info.plist";
				LD_RUNPATH_SEARCH_PATHS = (
					"$(inherited)",
					"@executable_path/Frameworks",
					"@executable_path/../../Frameworks",
				);
				MARKETING_VERSION = 1.2;
				PRODUCT_BUNDLE_IDENTIFIER = com.devotionlock.mobile.widgets;
				PRODUCT_NAME = "$(TARGET_NAME)";
				SKIP_INSTALL = YES;
				SWIFT_EMIT_LOC_STRINGS = YES;
				SWIFT_VERSION = 5.0;
				TARGETED_DEVICE_FAMILY = "1,2";
			};
			name = Debug;
		};
		2357B092BC934620BA724F42 /* Release */ = {
			isa = XCBuildConfiguration;
			buildSettings = {
				CODE_SIGN_ENTITLEMENTS = DevotionLockWidgets/DevotionLockWidgets.entitlements;
				CODE_SIGN_STYLE = Automatic;
				CURRENT_PROJECT_VERSION = 3;
				DEVELOPMENT_TEAM = L4SCYKMRN5;
				GENERATE_INFOPLIST_FILE = NO;
				INFOPLIST_FILE = "DevotionLockWidgetsExtension-Info.plist";
				LD_RUNPATH_SEARCH_PATHS = (
					"$(inherited)",
					"@executable_path/Frameworks",
					"@executable_path/../../Frameworks",
				);
				MARKETING_VERSION = 1.2;
				PRODUCT_BUNDLE_IDENTIFIER = com.devotionlock.mobile.widgets;
				PRODUCT_NAME = "$(TARGET_NAME)";
				SKIP_INSTALL = YES;
				SWIFT_EMIT_LOC_STRINGS = YES;
				SWIFT_VERSION = 5.0;
				TARGETED_DEVICE_FAMILY = "1,2";
			};
			name = Release;
		};
		E0FBC2052FD49F0600A8DA8D /* Debug */ = {
			isa = XCBuildConfiguration;
			buildSettings = {
				ALWAYS_SEARCH_USER_PATHS = NO;
				ASSETCATALOG_COMPILER_GENERATE_SWIFT_ASSET_SYMBOL_EXTENSIONS = YES;
				CLANG_ANALYZER_NONNULL = YES;
				CLANG_ANALYZER_NUMBER_OBJECT_CONVERSION = YES_AGGRESSIVE;
				CLANG_CXX_LANGUAGE_STANDARD = "gnu++20";
				CLANG_ENABLE_MODULES = YES;
				CLANG_ENABLE_OBJC_ARC = YES;
				CLANG_ENABLE_OBJC_WEAK = YES;
				CLANG_WARN_BLOCK_CAPTURE_AUTORELEASING = YES;
				CLANG_WARN_BOOL_CONVERSION = YES;
				CLANG_WARN_COMMA = YES;
				CLANG_WARN_CONSTANT_CONVERSION = YES;
				CLANG_WARN_DEPRECATED_OBJC_IMPLEMENTATIONS = YES;
				CLANG_WARN_DIRECT_OBJC_ISA_USAGE = YES_ERROR;
				CLANG_WARN_DOCUMENTATION_COMMENTS = YES;
				CLANG_WARN_EMPTY_BODY = YES;
				CLANG_WARN_ENUM_CONVERSION = YES;
				CLANG_WARN_INFINITE_RECURSION = YES;
				CLANG_WARN_INT_CONVERSION = YES;
				CLANG_WARN_NON_LITERAL_NULL_CONVERSION = YES;
				CLANG_WARN_OBJC_IMPLICIT_RETAIN_SELF = YES;
				CLANG_WARN_OBJC_LITERAL_CONVERSION = YES;
				CLANG_WARN_OBJC_ROOT_CLASS = YES_ERROR;
				CLANG_WARN_QUOTED_INCLUDE_IN_FRAMEWORK_HEADER = YES;
				CLANG_WARN_RANGE_LOOP_ANALYSIS = YES;
				CLANG_WARN_STRICT_PROTOTYPES = YES;
				CLANG_WARN_SUSPICIOUS_MOVE = YES;
				CLANG_WARN_UNGUARDED_AVAILABILITY = YES_AGGRESSIVE;
				CLANG_WARN_UNREACHABLE_CODE = YES;
				CLANG_WARN__DUPLICATE_METHOD_MATCH = YES;
				COPY_PHASE_STRIP = NO;
				DEBUG_INFORMATION_FORMAT = dwarf;
				ENABLE_STRICT_OBJC_MSGSEND = YES;
				ENABLE_TESTABILITY = YES;
				ENABLE_USER_SCRIPT_SANDBOXING = YES;
				GCC_C_LANGUAGE_STANDARD = gnu17;
				GCC_DYNAMIC_NO_PIC = NO;
				GCC_NO_COMMON_BLOCKS = YES;
				GCC_OPTIMIZATION_LEVEL = 0;
				GCC_PREPROCESSOR_DEFINITIONS = (
					"DEBUG=1",
					"$(inherited)",
				);
				GCC_WARN_64_TO_32_BIT_CONVERSION = YES;
				GCC_WARN_ABOUT_RETURN_TYPE = YES_ERROR;
				GCC_WARN_UNDECLARED_SELECTOR = YES;
				GCC_WARN_UNINITIALIZED_AUTOS = YES_AGGRESSIVE;
				GCC_WARN_UNUSED_FUNCTION = YES;
				GCC_WARN_UNUSED_VARIABLE = YES;
				IPHONEOS_DEPLOYMENT_TARGET = 26.2;
				LOCALIZATION_PREFERS_STRING_CATALOGS = YES;
				MTL_ENABLE_DEBUG_INFO = INCLUDE_SOURCE;
				MTL_FAST_MATH = YES;
				ONLY_ACTIVE_ARCH = YES;
				SDKROOT = iphoneos;
				SWIFT_ACTIVE_COMPILATION_CONDITIONS = "DEBUG $(inherited)";
				SWIFT_OPTIMIZATION_LEVEL = "-Onone";
			};
			name = Debug;
		};
		E0FBC2062FD49F0600A8DA8D /* Release */ = {
			isa = XCBuildConfiguration;
			buildSettings = {
				ALWAYS_SEARCH_USER_PATHS = NO;
				ASSETCATALOG_COMPILER_GENERATE_SWIFT_ASSET_SYMBOL_EXTENSIONS = YES;
				CLANG_ANALYZER_NONNULL = YES;
				CLANG_ANALYZER_NUMBER_OBJECT_CONVERSION = YES_AGGRESSIVE;
				CLANG_CXX_LANGUAGE_STANDARD = "gnu++20";
				CLANG_ENABLE_MODULES = YES;
				CLANG_ENABLE_OBJC_ARC = YES;
				CLANG_ENABLE_OBJC_WEAK = YES;
				CLANG_WARN_BLOCK_CAPTURE_AUTORELEASING = YES;
				CLANG_WARN_BOOL_CONVERSION = YES;
				CLANG_WARN_COMMA = YES;
				CLANG_WARN_CONSTANT_CONVERSION = YES;
				CLANG_WARN_DEPRECATED_OBJC_IMPLEMENTATIONS = YES;
				CLANG_WARN_DIRECT_OBJC_ISA_USAGE = YES_ERROR;
				CLANG_WARN_DOCUMENTATION_COMMENTS = YES;
				CLANG_WARN_EMPTY_BODY = YES;
				CLANG_WARN_ENUM_CONVERSION = YES;
				CLANG_WARN_INFINITE_RECURSION = YES;
				CLANG_WARN_INT_CONVERSION = YES;
				CLANG_WARN_NON_LITERAL_NULL_CONVERSION = YES;
				CLANG_WARN_OBJC_IMPLICIT_RETAIN_SELF = YES;
				CLANG_WARN_OBJC_LITERAL_CONVERSION = YES;
				CLANG_WARN_OBJC_ROOT_CLASS = YES_ERROR;
				CLANG_WARN_QUOTED_INCLUDE_IN_FRAMEWORK_HEADER = YES;
				CLANG_WARN_RANGE_LOOP_ANALYSIS = YES;
				CLANG_WARN_STRICT_PROTOTYPES = YES;
				CLANG_WARN_SUSPICIOUS_MOVE = YES;
				CLANG_WARN_UNGUARDED_AVAILABILITY = YES_AGGRESSIVE;
				CLANG_WARN_UNREACHABLE_CODE = YES;
				CLANG_WARN__DUPLICATE_METHOD_MATCH = YES;
				COPY_PHASE_STRIP = NO;
				DEBUG_INFORMATION_FORMAT = "dwarf-with-dsym";
				ENABLE_NS_ASSERTIONS = NO;
				ENABLE_STRICT_OBJC_MSGSEND = YES;
				ENABLE_USER_SCRIPT_SANDBOXING = YES;
				GCC_C_LANGUAGE_STANDARD = gnu17;
				GCC_NO_COMMON_BLOCKS = YES;
				GCC_WARN_64_TO_32_BIT_CONVERSION = YES;
				GCC_WARN_ABOUT_RETURN_TYPE = YES_ERROR;
				GCC_WARN_UNDECLARED_SELECTOR = YES;
				GCC_WARN_UNINITIALIZED_AUTOS = YES_AGGRESSIVE;
				GCC_WARN_UNUSED_FUNCTION = YES;
				GCC_WARN_UNUSED_VARIABLE = YES;
				IPHONEOS_DEPLOYMENT_TARGET = 26.2;
				LOCALIZATION_PREFERS_STRING_CATALOGS = YES;
				MTL_ENABLE_DEBUG_INFO = NO;
				MTL_FAST_MATH = YES;
				SDKROOT = iphoneos;
				SWIFT_COMPILATION_MODE = wholemodule;
				VALIDATE_PRODUCT = YES;
			};
			name = Release;
		};
		E0FBC2082FD49F0600A8DA8D /* Debug */ = {
			isa = XCBuildConfiguration;
			buildSettings = {
				ASSETCATALOG_COMPILER_APPICON_NAME = AppIcon;
				ASSETCATALOG_COMPILER_GLOBAL_ACCENT_COLOR_NAME = AccentColor;
				CODE_SIGN_ENTITLEMENTS = "DevotionLock/DevotionLock.family-controls.entitlements";
				CODE_SIGN_STYLE = Automatic;
				CURRENT_PROJECT_VERSION = 3;
				DEVELOPMENT_TEAM = L4SCYKMRN5;
				ENABLE_PREVIEWS = YES;
				GENERATE_INFOPLIST_FILE = YES;
				INFOPLIST_FILE = AppFontInfo.plist;
				INFOPLIST_KEY_CFBundleDisplayName = "Sacred Start";
				INFOPLIST_KEY_UIApplicationSceneManifest_Generation = YES;
				INFOPLIST_KEY_UIApplicationSupportsIndirectInputEvents = YES;
				INFOPLIST_KEY_UILaunchScreen_Generation = YES;
				INFOPLIST_KEY_UISupportedInterfaceOrientations_iPad = "UIInterfaceOrientationPortrait UIInterfaceOrientationPortraitUpsideDown UIInterfaceOrientationLandscapeLeft UIInterfaceOrientationLandscapeRight";
				INFOPLIST_KEY_UISupportedInterfaceOrientations_iPhone = "UIInterfaceOrientationPortrait UIInterfaceOrientationLandscapeLeft UIInterfaceOrientationLandscapeRight";
				LD_RUNPATH_SEARCH_PATHS = (
					"$(inherited)",
					"@executable_path/Frameworks",
				);
				MARKETING_VERSION = 1.2;
				PRODUCT_BUNDLE_IDENTIFIER = com.devotionlock.mobile;
				PRODUCT_NAME = "$(TARGET_NAME)";
				STRING_CATALOG_GENERATE_SYMBOLS = YES;
				SWIFT_APPROACHABLE_CONCURRENCY = YES;
				SWIFT_DEFAULT_ACTOR_ISOLATION = MainActor;
				SWIFT_EMIT_LOC_STRINGS = YES;
				SWIFT_UPCOMING_FEATURE_MEMBER_IMPORT_VISIBILITY = YES;
				SWIFT_VERSION = 5.0;
				TARGETED_DEVICE_FAMILY = "1,2";
			};
			name = Debug;
		};
		E0FBC2092FD49F0600A8DA8D /* Release */ = {
			isa = XCBuildConfiguration;
			buildSettings = {
				ASSETCATALOG_COMPILER_APPICON_NAME = AppIcon;
				ASSETCATALOG_COMPILER_GLOBAL_ACCENT_COLOR_NAME = AccentColor;
				CODE_SIGN_ENTITLEMENTS = DevotionLock/DevotionLock.entitlements;
				CODE_SIGN_STYLE = Automatic;
				CURRENT_PROJECT_VERSION = 3;
				DEVELOPMENT_TEAM = L4SCYKMRN5;
				ENABLE_PREVIEWS = YES;
				GENERATE_INFOPLIST_FILE = YES;
				INFOPLIST_FILE = AppFontInfo.plist;
				INFOPLIST_KEY_CFBundleDisplayName = "Sacred Start";
				INFOPLIST_KEY_UIApplicationSceneManifest_Generation = YES;
				INFOPLIST_KEY_UIApplicationSupportsIndirectInputEvents = YES;
				INFOPLIST_KEY_UILaunchScreen_Generation = YES;
				INFOPLIST_KEY_UISupportedInterfaceOrientations_iPad = "UIInterfaceOrientationPortrait UIInterfaceOrientationPortraitUpsideDown UIInterfaceOrientationLandscapeLeft UIInterfaceOrientationLandscapeRight";
				INFOPLIST_KEY_UISupportedInterfaceOrientations_iPhone = "UIInterfaceOrientationPortrait UIInterfaceOrientationLandscapeLeft UIInterfaceOrientationLandscapeRight";
				LD_RUNPATH_SEARCH_PATHS = (
					"$(inherited)",
					"@executable_path/Frameworks",
				);
				MARKETING_VERSION = 1.2;
				PRODUCT_BUNDLE_IDENTIFIER = com.devotionlock.mobile;
				PRODUCT_NAME = "$(TARGET_NAME)";
				STRING_CATALOG_GENERATE_SYMBOLS = YES;
				SWIFT_APPROACHABLE_CONCURRENCY = YES;
				SWIFT_DEFAULT_ACTOR_ISOLATION = MainActor;
				SWIFT_EMIT_LOC_STRINGS = YES;
				SWIFT_UPCOMING_FEATURE_MEMBER_IMPORT_VISIBILITY = YES;
				SWIFT_VERSION = 5.0;
				TARGETED_DEVICE_FAMILY = "1,2";
			};
			name = Release;
		};
/* End XCBuildConfiguration section */

/* Begin XCConfigurationList section */
		C69B50CA0BB0428D8D770652 /* Build configuration list for PBXNativeTarget "DevotionLockWidgets" */ = {
			isa = XCConfigurationList;
			buildConfigurations = (
				05D2DBC37A9F47F19361F01C /* Debug */,
				2357B092BC934620BA724F42 /* Release */,
			);
			defaultConfigurationIsVisible = 0;
			defaultConfigurationName = Release;
		};
		E0FBC1F72FD49F0400A8DA8D /* Build configuration list for PBXProject "devotionlock-mobile" */ = {
			isa = XCConfigurationList;
			buildConfigurations = (
				E0FBC2052FD49F0600A8DA8D /* Debug */,
				E0FBC2062FD49F0600A8DA8D /* Release */,
			);
			defaultConfigurationIsVisible = 0;
			defaultConfigurationName = Release;
		};
		E0FBC2072FD49F0600A8DA8D /* Build configuration list for PBXNativeTarget "DevotionLock" */ = {
			isa = XCConfigurationList;
			buildConfigurations = (
				E0FBC2082FD49F0600A8DA8D /* Debug */,
				E0FBC2092FD49F0600A8DA8D /* Release */,
			);
			defaultConfigurationIsVisible = 0;
			defaultConfigurationName = Release;
		};
/* End XCConfigurationList section */

/* Begin XCLocalSwiftPackageReference section */
		E0NOT0012FD49F0500A8DA8D /* XCLocalSwiftPackageReference "Vendor/Notelet" */ = {
			isa = XCLocalSwiftPackageReference;
			relativePath = Vendor/Notelet;
		};
/* End XCLocalSwiftPackageReference section */

/* Begin XCRemoteSwiftPackageReference section */
		E0PKG0012FD49F0500A8DA8D /* XCRemoteSwiftPackageReference "InAppKit" */ = {
			isa = XCRemoteSwiftPackageReference;
			repositoryURL = "https://github.com/tddworks/InAppKit.git";
			requirement = {
				kind = upToNextMajorVersion;
				minimumVersion = 1.0.1;
			};
		};
		E0SUP0012FD49F0500A8DA8D /* XCRemoteSwiftPackageReference "supabase-swift" */ = {
			isa = XCRemoteSwiftPackageReference;
			repositoryURL = "https://github.com/supabase/supabase-swift.git";
			requirement = {
				kind = upToNextMajorVersion;
				minimumVersion = 2.0.0;
			};
		};
/* End XCRemoteSwiftPackageReference section */

/* Begin XCSwiftPackageProductDependency section */
		E0NOT0022FD49F0500A8DA8D /* Notelet */ = {
			isa = XCSwiftPackageProductDependency;
			package = E0NOT0012FD49F0500A8DA8D /* XCLocalSwiftPackageReference "Vendor/Notelet" */;
			productName = Notelet;
		};
		E0PKG0022FD49F0500A8DA8D /* InAppKit */ = {
			isa = XCSwiftPackageProductDependency;
			package = E0PKG0012FD49F0500A8DA8D /* XCRemoteSwiftPackageReference "InAppKit" */;
			productName = InAppKit;
		};
		E0SUP0022FD49F0500A8DA8D /* Supabase */ = {
			isa = XCSwiftPackageProductDependency;
			package = E0SUP0012FD49F0500A8DA8D /* XCRemoteSwiftPackageReference "supabase-swift" */;
			productName = Supabase;
		};
/* End XCSwiftPackageProductDependency section */
	};
	rootObject = E0FBC1F42FD49F0400A8DA8D /* Project object */;
}
